
Microsoft Visual Studio Solution File, Format Version 12.00
# Visual Studio Version 16
VisualStudioVersion = 16.0.30804.86
MinimumVisualStudioVersion = 10.0.40219.1
Project("{FAE04EC0-301F-11D3-BF4B-00C04F79EFBC}") = "MSE.CVApp.Entities", "MSE.CVApp.Entities\MSE.CVApp.Entities.csproj", "{7E7F2021-9210-4991-A73D-CDF7FEC3F849}"
EndProject
Project("{FAE04EC0-301F-11D3-BF4B-00C04F79EFBC}") = "MSE.CVApp.DataAccess", "MSE.CVApp.DataAccess\MSE.CVApp.DataAccess.csproj", "{816B9E7C-A6E6-4476-98E2-E3E05CA1BD09}"
EndProject
Project("{FAE04EC0-301F-11D3-BF4B-00C04F79EFBC}") = "MSE.CVApp.DTO", "MSE.CVApp.DTO\MSE.CVApp.DTO.csproj", "{BB33ED65-FD8B-40D4-AB76-5682FB4FEE8C}"
EndProject
Global
	GlobalSection(SolutionConfigurationPlatforms) = preSolution
		Debug|Any CPU = Debug|Any CPU
		Release|Any CPU = Release|Any CPU
	EndGlobalSection
	GlobalSection(ProjectConfigurationPlatforms) = postSolution
		{7E7F2021-9210-4991-A73D-CDF7FEC3F849}.Debug|Any CPU.ActiveCfg = Debug|Any CPU
		{7E7F2021-9210-4991-A73D-CDF7FEC3F849}.Debug|Any CPU.Build.0 = Debug|Any CPU
		{7E7F2021-9210-4991-A73D-CDF7FEC3F849}.Release|Any CPU.ActiveCfg = Release|Any CPU
		{7E7F2021-9210-4991-A73D-CDF7FEC3F849}.Release|Any CPU.Build.0 = Release|Any CPU
		{816B9E7C-A6E6-4476-98E2-E3E05CA1BD09}.Debug|Any CPU.ActiveCfg = Debug|Any CPU
		{816B9E7C-A6E6-4476-98E2-E3E05CA1BD09}.Debug|Any CPU.Build.0 = Debug|Any CPU
		{816B9E7C-A6E6-4476-98E2-E3E05CA1BD09}.Release|Any CPU.ActiveCfg = Release|Any CPU
		{816B9E7C-A6E6-4476-98E2-E3E05CA1BD09}.Release|Any CPU.Build.0 = Release|Any CPU
		{BB33ED65-FD8B-40D4-AB76-5682FB4FEE8C}.Debug|Any CPU.ActiveCfg = Debug|Any CPU
		{BB33ED65-FD8B-40D4-AB76-5682FB4FEE8C}.Debug|Any CPU.Build.0 = Debug|Any CPU
		{BB33ED65-FD8B-40D4-AB76-5682FB4FEE8C}.Release|Any CPU.ActiveCfg = Release|Any CPU
		{BB33ED65-FD8B-40D4-AB76-5682FB4FEE8C}.Release|Any CPU.Build.0 = Release|Any CPU
	EndGlobalSection
	GlobalSection(SolutionProperties) = preSolution
		HideSolutionNode = FALSE
	EndGlobalSection
	GlobalSection(ExtensibilityGlobals) = postSolution
		SolutionGuid = {B456F45A-7F78-4D25-A25D-A9075775F2CE}
	EndGlobalSection
EndGlobal
